{
  "name": "mydjangodir",
  "version": "1.0.0",
  "lockfileVersion": 1,
  "requires": true,
  "dependencies": {
    "bootstrap": {
      "version": "5.1.3",
      "resolved": "https://registry.npmjs.org/bootstrap/-/bootstrap-5.1.3.tgz",
      "integrity": "sha512-fcQztozJ8jToQWXxVuEyXWW+dSo8AiXWKwiSSrKWsRB/Qt+Ewwza+JWoLKiTuQLaEPhdNAJ7+Dosc9DOIqNy7Q=="
    },
    "bs5-lightbox": {
      "version": "1.7.8",
      "resolved": "https://registry.npmjs.org/bs5-lightbox/-/bs5-lightbox-1.7.8.tgz",
      "integrity": "sha512-m47S0YR2zW6l29Z5c1c/f3Kn+Xu6DCfxDVpAUkkmtq4btDRTWFJB5rOZ83QfeP4rgjX8vcOTvfJcdnJvXpiGqg=="
    }
  }
}
